
Microsoft Visual Studio Solution File, Format Version 12.00
# Visual Studio Version 17
VisualStudioVersion = 17.0.32014.148
MinimumVisualStudioVersion = 10.0.40219.1
Project("{9A19103F-16F7-4668-BE54-9A1E7A4F7556}") = "PizzaPlace.Server", "PizzaPlace\Server\PizzaPlace.Server.csproj", "{B7A14096-426F-4A81-BA45-9DE7C570F823}"
EndProject
Project("{9A19103F-16F7-4668-BE54-9A1E7A4F7556}") = "PizzaPlace.Client", "PizzaPlace\Client\PizzaPlace.Client.csproj", "{4127BACE-9617-4421-82BB-CC2F92E1B5F3}"
EndProject
Project("{9A19103F-16F7-4668-BE54-9A1E7A4F7556}") = "PizzaPlace.Shared", "PizzaPlace\Shared\PizzaPlace.Shared.csproj", "{BDB4AE72-A9E2-4A26-A965-922B6316F58C}"
EndProject
Project("{9A19103F-16F7-4668-BE54-9A1E7A4F7556}") = "PizzaPlace.BDD", "PizzaPlace.BDD\PizzaPlace.BDD.csproj", "{D65BCF02-D67E-4D18-B2AF-9060A928C5D2}"
EndProject
Project("{9A19103F-16F7-4668-BE54-9A1E7A4F7556}") = "PizzaPlace.TDD", "PizzaPlace.TDD\PizzaPlace.TDD.csproj", "{0AC634ED-7E6A-4D88-9AB9-2636A3F2EDD3}"
EndProject
Project("{2150E333-8FDC-42A3-9474-1A3956D46DE8}") = "Tests", "Tests", "{7C41B295-3CEB-490B-AB64-0966F23304CC}"
EndProject
Global
	GlobalSection(SolutionConfigurationPlatforms) = preSolution
		Debug|Any CPU = Debug|Any CPU
		Release|Any CPU = Release|Any CPU
	EndGlobalSection
	GlobalSection(ProjectConfigurationPlatforms) = postSolution
		{B7A14096-426F-4A81-BA45-9DE7C570F823}.Debug|Any CPU.ActiveCfg = Debug|Any CPU
		{B7A14096-426F-4A81-BA45-9DE7C570F823}.Debug|Any CPU.Build.0 = Debug|Any CPU
		{B7A14096-426F-4A81-BA45-9DE7C570F823}.Release|Any CPU.ActiveCfg = Release|Any CPU
		{B7A14096-426F-4A81-BA45-9DE7C570F823}.Release|Any CPU.Build.0 = Release|Any CPU
		{4127BACE-9617-4421-82BB-CC2F92E1B5F3}.Debug|Any CPU.ActiveCfg = Debug|Any CPU
		{4127BACE-9617-4421-82BB-CC2F92E1B5F3}.Debug|Any CPU.Build.0 = Debug|Any CPU
		{4127BACE-9617-4421-82BB-CC2F92E1B5F3}.Release|Any CPU.ActiveCfg = Release|Any CPU
		{4127BACE-9617-4421-82BB-CC2F92E1B5F3}.Release|Any CPU.Build.0 = Release|Any CPU
		{BDB4AE72-A9E2-4A26-A965-922B6316F58C}.Debug|Any CPU.ActiveCfg = Debug|Any CPU
		{BDB4AE72-A9E2-4A26-A965-922B6316F58C}.Debug|Any CPU.Build.0 = Debug|Any CPU
		{BDB4AE72-A9E2-4A26-A965-922B6316F58C}.Release|Any CPU.ActiveCfg = Release|Any CPU
		{BDB4AE72-A9E2-4A26-A965-922B6316F58C}.Release|Any CPU.Build.0 = Release|Any CPU
		{D65BCF02-D67E-4D18-B2AF-9060A928C5D2}.Debug|Any CPU.ActiveCfg = Debug|Any CPU
		{D65BCF02-D67E-4D18-B2AF-9060A928C5D2}.Debug|Any CPU.Build.0 = Debug|Any CPU
		{D65BCF02-D67E-4D18-B2AF-9060A928C5D2}.Release|Any CPU.ActiveCfg = Release|Any CPU
		{D65BCF02-D67E-4D18-B2AF-9060A928C5D2}.Release|Any CPU.Build.0 = Release|Any CPU
		{0AC634ED-7E6A-4D88-9AB9-2636A3F2EDD3}.Debug|Any CPU.ActiveCfg = Debug|Any CPU
		{0AC634ED-7E6A-4D88-9AB9-2636A3F2EDD3}.Debug|Any CPU.Build.0 = Debug|Any CPU
		{0AC634ED-7E6A-4D88-9AB9-2636A3F2EDD3}.Release|Any CPU.ActiveCfg = Release|Any CPU
		{0AC634ED-7E6A-4D88-9AB9-2636A3F2EDD3}.Release|Any CPU.Build.0 = Release|Any CPU
	EndGlobalSection
	GlobalSection(SolutionProperties) = preSolution
		HideSolutionNode = FALSE
	EndGlobalSection
	GlobalSection(NestedProjects) = preSolution
		{D65BCF02-D67E-4D18-B2AF-9060A928C5D2} = {7C41B295-3CEB-490B-AB64-0966F23304CC}
		{0AC634ED-7E6A-4D88-9AB9-2636A3F2EDD3} = {7C41B295-3CEB-490B-AB64-0966F23304CC}
	EndGlobalSection
	GlobalSection(ExtensibilityGlobals) = postSolution
		SolutionGuid = {E6E23670-2697-4861-981F-4E62265B60D6}
	EndGlobalSection
EndGlobal
